<Project xmlns="http://schemas.microsoft.com/developer/msbuild/2003">
  <PropertyGroup>
    <ProjectGuid>{b60516f5-dc5a-4ed5-b08b-19e2e749e86c}</ProjectGuid>
    <MainSource>OverbyteIcsDel110Package.dpk</MainSource>
    <Configuration Condition=" '$(Configuration)' == '' ">Debug</Configuration>
    <Platform Condition=" '$(Platform)' == '' ">AnyCPU</Platform>
    <DCC_DCCCompiler>DCC32</DCC_DCCCompiler>
    <DCC_DependencyCheckOutputName>C:\Users\Public\Documents\RAD Studio\5.0\Bpl\OverbyteIcsDel110Package.bpl</DCC_DependencyCheckOutputName>
  </PropertyGroup>
  <PropertyGroup Condition=" '$(Configuration)|$(Platform)' == 'Release|AnyCPU' ">
    <Version>7.0</Version>
    <DCC_DebugInformation>False</DCC_DebugInformation>
    <DCC_LocalDebugSymbols>False</DCC_LocalDebugSymbols>
    <DCC_Optimize>False</DCC_Optimize>
    <DCC_IntegerOverflowCheck>True</DCC_IntegerOverflowCheck>
    <DCC_RangeChecking>True</DCC_RangeChecking>
    <DCC_SymbolReferenceInfo>0</DCC_SymbolReferenceInfo>
    <DCC_Define>USE_ZLIB_OBJ;RELEASE</DCC_Define>
  </PropertyGroup>
  <PropertyGroup Condition=" '$(Configuration)|$(Platform)' == 'Debug|AnyCPU' ">
    <Version>7.0</Version>
    <DCC_Optimize>False</DCC_Optimize>
    <DCC_IntegerOverflowCheck>True</DCC_IntegerOverflowCheck>
    <DCC_RangeChecking>True</DCC_RangeChecking>
    <DCC_Define>USE_ZLIB_OBJ</DCC_Define>
    <DCC_SYMBOL_DEPRECATED>False</DCC_SYMBOL_DEPRECATED>
  </PropertyGroup>
  <ProjectExtensions>
    <Borland.Personality>Delphi.Personality</Borland.Personality>
    <Borland.ProjectType>Package</Borland.ProjectType>
    <BorlandProject>
<BorlandProject><Delphi.Personality><Parameters><Parameters Name="UseLauncher">False</Parameters><Parameters Name="LoadAllSymbols">True</Parameters><Parameters Name="LoadUnspecifiedSymbols">False</Parameters></Parameters><Package_Options><Package_Options Name="PackageDescription">Overbyte ICS for Delphi 2007</Package_Options><Package_Options Name="ImplicitBuild">True</Package_Options><Package_Options Name="DesigntimeOnly">False</Package_Options><Package_Options Name="RuntimeOnly">False</Package_Options></Package_Options><VersionInfo><VersionInfo Name="IncludeVerInfo">True</VersionInfo><VersionInfo Name="AutoIncBuild">False</VersionInfo><VersionInfo Name="MajorVer">1</VersionInfo><VersionInfo Name="MinorVer">0</VersionInfo><VersionInfo Name="Release">0</VersionInfo><VersionInfo Name="Build">0</VersionInfo><VersionInfo Name="Debug">False</VersionInfo><VersionInfo Name="PreRelease">False</VersionInfo><VersionInfo Name="Special">False</VersionInfo><VersionInfo Name="Private">False</VersionInfo><VersionInfo Name="DLL">False</VersionInfo><VersionInfo Name="Locale">2060</VersionInfo><VersionInfo Name="CodePage">1252</VersionInfo></VersionInfo><VersionInfoKeys><VersionInfoKeys Name="CompanyName"></VersionInfoKeys><VersionInfoKeys Name="FileDescription"></VersionInfoKeys><VersionInfoKeys Name="FileVersion">1.0.0.0</VersionInfoKeys><VersionInfoKeys Name="InternalName"></VersionInfoKeys><VersionInfoKeys Name="LegalCopyright"></VersionInfoKeys><VersionInfoKeys Name="LegalTrademarks"></VersionInfoKeys><VersionInfoKeys Name="OriginalFilename"></VersionInfoKeys><VersionInfoKeys Name="ProductName"></VersionInfoKeys><VersionInfoKeys Name="ProductVersion">1.0.0.0</VersionInfoKeys><VersionInfoKeys Name="Comments"></VersionInfoKeys></VersionInfoKeys><Excluded_Packages>
      
      
      
      
      
      
      
      
      <Excluded_Packages Name="C:\Users\Public\Documents\RAD Studio\5.0\Bpl\IcsDel110.bpl">ICS (Internet Component Suite) for Delphi 2007</Excluded_Packages>
      <Excluded_Packages Name="C:\Users\Public\Documents\RAD Studio\5.0\Bpl\PointagePackage.bpl">(sans titre)</Excluded_Packages>
      <Excluded_Packages Name="C:\Users\Public\Documents\RAD Studio\5.0\Bpl\MwDel110.bpl">MidWare for Delphi 2007</Excluded_Packages>
      <Excluded_Packages Name="C:\Users\Public\Documents\RAD Studio\5.0\Bpl\OverbyteIcsDel110Package.bpl">Overbyte ICS for Delphi 2007</Excluded_Packages>
      <Excluded_Packages Name="$(BDS)\bin\dclofficexp100.bpl">Composants Microsoft Office XP Sample Automation Server Wrapper</Excluded_Packages>
      <Excluded_Packages Name="$(BDS)\bin\bcboffice2k100.bpl">CodeGear C++Builder Office 2000 Servers Package</Excluded_Packages>
      <Excluded_Packages Name="$(BDS)\bin\bcbofficexp100.bpl">CodeGear C++Builder Office XP Servers Package</Excluded_Packages>
      <Excluded_Packages Name="$(BDS)\bin\dcloffice2k100.bpl">Composants Microsoft Office 2000 Sample Automation Server Wrapper</Excluded_Packages>
    </Excluded_Packages><Source><Source Name="MainSource">OverbyteIcsDel110Package.dpk</Source></Source></Delphi.Personality></BorlandProject></BorlandProject>
  </ProjectExtensions>
  <Import Project="$(MSBuildBinPath)\Borland.Delphi.Targets" />
  <ItemGroup>
    <DelphiCompile Include="OverbyteIcsDel110Package.dpk">
      <MainSource>MainSource</MainSource>
    </DelphiCompile>
    <DCCReference Include="C:\Users\user\Desktop\designide.dcp" />
    <DCCReference Include="C:\Users\user\Desktop\rtl.dcp" />
    <DCCReference Include="C:\Users\user\Desktop\vcl.dcp" />
    <DCCReference Include="OverbyteIcsCRC.pas" />
    <DCCReference Include="OverbyteIcsDES.pas" />
    <DCCReference Include="OverbyteIcsDnsQuery.dcr" />
    <DCCReference Include="OverbyteIcsDnsQuery.dcr" />
    <DCCReference Include="OverbyteIcsDnsQuery.pas" />
    <DCCReference Include="OverbyteIcsEmulVT.dcr" />
    <DCCReference Include="OverbyteIcsEmulVT.dcr" />
    <DCCReference Include="OverbyteIcsEmulVT.pas" />
    <DCCReference Include="OverbyteIcsFingCli.dcr" />
    <DCCReference Include="OverbyteIcsFingCli.dcr" />
    <DCCReference Include="OverbyteIcsFingCli.pas" />
    <DCCReference Include="OverbyteIcsFtpCli.dcr" />
    <DCCReference Include="OverbyteIcsFtpCli.dcr" />
    <DCCReference Include="OverbyteIcsFtpCli.pas" />
    <DCCReference Include="OverbyteIcsFtpSrv.dcr" />
    <DCCReference Include="OverbyteIcsFtpSrv.dcr" />
    <DCCReference Include="OverbyteIcsFtpSrv.pas" />
    <DCCReference Include="OverbyteIcsFtpSrvC.pas" />
    <DCCReference Include="OverByteIcsFtpSrvT.pas" />
    <DCCReference Include="OverbyteIcsHttpContCod.pas" />
    <DCCReference Include="OverbyteIcsHttpProt.dcr" />
    <DCCReference Include="OverbyteIcsHttpProt.dcr" />
    <DCCReference Include="OverbyteIcsHttpProt.pas" />
    <DCCReference Include="OverbyteIcsHttpSrv.dcr" />
    <DCCReference Include="OverbyteIcsHttpSrv.dcr" />
    <DCCReference Include="OverbyteIcsHttpSrv.pas" />
    <DCCReference Include="OverbyteIcsIcmp.pas" />
    <DCCReference Include="OverbyteIcsLibrary.pas" />
    <DCCReference Include="OverbyteIcsLogger.dcr" />
    <DCCReference Include="OverbyteIcsLogger.dcr" />
    <DCCReference Include="OverbyteIcsLogger.pas" />
    <DCCReference Include="OverbyteIcsMD4.pas" />
    <DCCReference Include="OverbyteIcsMD5.pas" />
    <DCCReference Include="OverbyteIcsMimedec.dcr" />
    <DCCReference Include="OverbyteIcsMimedec.dcr" />
    <DCCReference Include="OverbyteIcsMimeDec.pas" />
    <DCCReference Include="OverbyteIcsMimeUtils.pas" />
    <DCCReference Include="OverbyteIcsMultipartFtpDownloader.dcr" />
    <DCCReference Include="OverbyteIcsMultipartFtpDownloader.dcr" />
    <DCCReference Include="OverbyteIcsMultipartFtpDownloader.pas" />
    <DCCReference Include="OverbyteIcsMultipartHttpDownloader.dcr" />
    <DCCReference Include="OverbyteIcsMultipartHttpDownloader.dcr" />
    <DCCReference Include="OverbyteIcsMultipartHttpDownloader.pas" />
    <DCCReference Include="OverbyteIcsMultiProgressBar.dcr" />
    <DCCReference Include="OverbyteIcsMultiProgressBar.dcr" />
    <DCCReference Include="OverbyteIcsMultiProgressBar.pas" />
    <DCCReference Include="OverbyteIcsNntpCli.dcr" />
    <DCCReference Include="OverbyteIcsNntpCli.dcr" />
    <DCCReference Include="OverbyteIcsNntpCli.pas" />
    <DCCReference Include="OverbyteIcsNtlmMsgs.pas" />
    <DCCReference Include="OverbyteIcsNtlmSsp.pas" />
    <DCCReference Include="OverbyteIcsOneTimePw.pas" />
    <DCCReference Include="OverbyteIcsPing.dcr" />
    <DCCReference Include="OverbyteIcsPing.dcr" />
    <DCCReference Include="OverbyteIcsPing.pas" />
    <DCCReference Include="OverbyteIcsPop3Prot.dcr" />
    <DCCReference Include="OverbyteIcsPop3Prot.dcr" />
    <DCCReference Include="OverbyteIcsPop3Prot.pas" />
    <DCCReference Include="OverbyteIcsSha1.pas" />
    <DCCReference Include="OverbyteIcsSmtpProt.dcr" />
    <DCCReference Include="OverbyteIcsSmtpProt.dcr" />
    <DCCReference Include="OverbyteIcsSmtpProt.pas" />
    <DCCReference Include="OverbyteIcsSspi.pas" />
    <DCCReference Include="OverbyteIcsStreams.pas" />
    <DCCReference Include="OverbyteIcsTnCnx.dcr" />
    <DCCReference Include="OverbyteIcsTnCnx.dcr" />
    <DCCReference Include="OverbyteIcsTnCnx.pas" />
    <DCCReference Include="OverbyteIcsTnEmulVT.dcr" />
    <DCCReference Include="OverbyteIcsTnEmulVT.dcr" />
    <DCCReference Include="OverbyteIcsTnEmulVT.pas" />
    <DCCReference Include="OverbyteIcsTnOptFrm.pas" />
    <DCCReference Include="OverbyteIcsTnScript.dcr" />
    <DCCReference Include="OverbyteIcsTnScript.dcr" />
    <DCCReference Include="OverbyteIcsTnScript.pas" />
    <DCCReference Include="OverbyteIcsTypes.pas" />
    <DCCReference Include="OverbyteIcsUrl.pas" />
    <DCCReference Include="OverbyteIcsWinsock.pas" />
    <DCCReference Include="OverbyteIcsWinsock2.pas" />
    <DCCReference Include="OverbyteIcsWndControl.pas" />
    <DCCReference Include="OverbyteIcsWSockBuf.pas" />
    <DCCReference Include="OverbyteIcsWSocket.dcr" />
    <DCCReference Include="OverbyteIcsWSocket.dcr" />
    <DCCReference Include="OverbyteIcsWSocket.pas" />
    <DCCReference Include="OverByteIcsWSocketE.pas" />
    <DCCReference Include="OverbyteIcsWSocketS.dcr" />
    <DCCReference Include="OverbyteIcsWSocketS.dcr" />
    <DCCReference Include="OverbyteIcsWSocketS.pas" />
    <DCCReference Include="OverbyteIcsZlibHigh.pas" />
    <DCCReference Include="OverbyteIcsZLibObj.pas" />
  </ItemGroup>
</Project>